
Microsoft Visual Studio Solution File, Format Version 12.00
# Visual Studio 15
VisualStudioVersion = 15.0.28010.2026
MinimumVisualStudioVersion = 10.0.40219.1
Project("{FAE04EC0-301F-11D3-BF4B-00C04F79EFBC}") = "HW7_Sudoku", "HW7_Sudoku\HW7_Sudoku.csproj", "{746411D8-5A4F-44BE-B036-16ED99687253}"
EndProject
Global
	GlobalSection(SolutionConfigurationPlatforms) = preSolution
		Debug|Any CPU = Debug|Any CPU
		Release|Any CPU = Release|Any CPU
	EndGlobalSection
	GlobalSection(ProjectConfigurationPlatforms) = postSolution
		{746411D8-5A4F-44BE-B036-16ED99687253}.Debug|Any CPU.ActiveCfg = Debug|Any CPU
		{746411D8-5A4F-44BE-B036-16ED99687253}.Debug|Any CPU.Build.0 = Debug|Any CPU
		{746411D8-5A4F-44BE-B036-16ED99687253}.Release|Any CPU.ActiveCfg = Release|Any CPU
		{746411D8-5A4F-44BE-B036-16ED99687253}.Release|Any CPU.Build.0 = Release|Any CPU
	EndGlobalSection
	GlobalSection(SolutionProperties) = preSolution
		HideSolutionNode = FALSE
	EndGlobalSection
	GlobalSection(ExtensibilityGlobals) = postSolution
		SolutionGuid = {276E6447-7407-4CA2-BE13-8F83D1500DFF}
	EndGlobalSection
EndGlobal
